
Microsoft Visual Studio Solution File, Format Version 12.00
# Visual Studio Version 17
VisualStudioVersion = 17.5.002.0
MinimumVisualStudioVersion = 10.0.40219.1
Project("{2150E333-8FDC-42A3-9474-1A3956D46DE8}") = "csharp-prep", "csharp-prep", "{318903AD-AF92-44C9-A84B-A29896DD1D53}"
EndProject
Project("{9A19103F-16F7-4668-BE54-9A1E7A4F7556}") = "Prep1", "csharp-prep\Prep1\Prep1.csproj", "{76955284-7C6D-4D49-852D-0D8CA176618E}"
EndProject
Project("{9A19103F-16F7-4668-BE54-9A1E7A4F7556}") = "Prep2", "csharp-prep\Prep2\Prep2.csproj", "{AF7F0C69-B55B-4A5F-8720-F77A26FC62AE}"
EndProject
Project("{9A19103F-16F7-4668-BE54-9A1E7A4F7556}") = "Prep3", "csharp-prep\Prep3\Prep3.csproj", "{9846847F-A0C8-436F-9CBF-463DF702E520}"
EndProject
Project("{9A19103F-16F7-4668-BE54-9A1E7A4F7556}") = "Prep4", "csharp-prep\Prep4\Prep4.csproj", "{681C907A-B9F0-4030-B9FA-1F5BD55B656F}"
EndProject
Project("{9A19103F-16F7-4668-BE54-9A1E7A4F7556}") = "Prep5", "csharp-prep\Prep5\Prep5.csproj", "{5FD77315-E8B3-4EEF-BC62-F2360685D619}"
EndProject
Project("{2150E333-8FDC-42A3-9474-1A3956D46DE8}") = "final", "final", "{BA528DA7-5550-4B61-A463-05F5696E8604}"
EndProject
Project("{9A19103F-16F7-4668-BE54-9A1E7A4F7556}") = "FinalProject", "final\FinalProject\FinalProject.csproj", "{997AFEA9-9E75-4FE8-A427-FC7AFF7CC26B}"
EndProject
Project("{9A19103F-16F7-4668-BE54-9A1E7A4F7556}") = "Foundation1", "final\Foundation1\Foundation1.csproj", "{265DE0A1-9842-417E-9298-0C7E6377A478}"
EndProject
Project("{9A19103F-16F7-4668-BE54-9A1E7A4F7556}") = "Foundation2", "final\Foundation2\Foundation2.csproj", "{FBB964D9-11AC-4FC8-9457-E931941C0DA7}"
EndProject
Project("{9A19103F-16F7-4668-BE54-9A1E7A4F7556}") = "Foundation3", "final\Foundation3\Foundation3.csproj", "{E2653528-143F-4166-AE7B-8A57A4AF9F93}"
EndProject
Project("{9A19103F-16F7-4668-BE54-9A1E7A4F7556}") = "Foundation4", "final\Foundation4\Foundation4.csproj", "{E4A45B85-E954-4B19-BDA5-D8F935344D3A}"
EndProject
Project("{2150E333-8FDC-42A3-9474-1A3956D46DE8}") = "prepare", "prepare", "{2ECFE292-8959-418D-BA57-8C1FEE1438A2}"
EndProject
Project("{9A19103F-16F7-4668-BE54-9A1E7A4F7556}") = "Learning02", "prepare\Learning02\Learning02.csproj", "{04DB2350-58BA-406D-9427-5B3AFEDD4ED5}"
EndProject
Project("{9A19103F-16F7-4668-BE54-9A1E7A4F7556}") = "Learning03", "prepare\Learning03\Learning03.csproj", "{0AB3A939-FF30-4A2B-B037-AEF9AAA7167E}"
EndProject
Project("{9A19103F-16F7-4668-BE54-9A1E7A4F7556}") = "Learning04", "prepare\Learning04\Learning04.csproj", "{AD9EAE64-B627-4A0A-982C-BFD7FAD550C2}"
EndProject
Project("{9A19103F-16F7-4668-BE54-9A1E7A4F7556}") = "Learning05", "prepare\Learning05\Learning05.csproj", "{03514BAD-9980-4401-ACC9-FDB6BFB8B8D0}"
EndProject
Project("{2150E333-8FDC-42A3-9474-1A3956D46DE8}") = "prove", "prove", "{6E971204-60E1-4503-B783-92EA53986794}"
EndProject
Project("{9A19103F-16F7-4668-BE54-9A1E7A4F7556}") = "Develop02", "prove\Develop02\Develop02.csproj", "{085273B1-03FD-48F9-8613-28AB382D156E}"
EndProject
Project("{9A19103F-16F7-4668-BE54-9A1E7A4F7556}") = "Develop03", "prove\Develop03\Develop03.csproj", "{476F1E40-4387-422B-9696-25505B135FCB}"
EndProject
Project("{9A19103F-16F7-4668-BE54-9A1E7A4F7556}") = "Develop04", "prove\Develop04\Develop04.csproj", "{7CEEAEA8-0169-496C-ADA7-0C72476F7009}"
EndProject
Project("{9A19103F-16F7-4668-BE54-9A1E7A4F7556}") = "Develop05", "prove\Develop05\Develop05.csproj", "{42FB3DF8-287D-4A65-B1DF-DB1E570BBF67}"
EndProject
Project("{2150E333-8FDC-42A3-9474-1A3956D46DE8}") = "sandbox", "sandbox", "{D3D18FF9-72CE-48EF-B11C-DDD2A0B5E4DD}"
EndProject
Project("{9A19103F-16F7-4668-BE54-9A1E7A4F7556}") = "Sandbox", "sandbox\Sandbox\Sandbox.csproj", "{4EDDE9A3-1D9C-46EF-B21F-68D0A528C412}"
EndProject
Global
	GlobalSection(SolutionConfigurationPlatforms) = preSolution
		Debug|Any CPU = Debug|Any CPU
		Release|Any CPU = Release|Any CPU
	EndGlobalSection
	GlobalSection(ProjectConfigurationPlatforms) = postSolution
		{76955284-7C6D-4D49-852D-0D8CA176618E}.Debug|Any CPU.ActiveCfg = Debug|Any CPU
		{76955284-7C6D-4D49-852D-0D8CA176618E}.Debug|Any CPU.Build.0 = Debug|Any CPU
		{76955284-7C6D-4D49-852D-0D8CA176618E}.Release|Any CPU.ActiveCfg = Release|Any CPU
		{76955284-7C6D-4D49-852D-0D8CA176618E}.Release|Any CPU.Build.0 = Release|Any CPU
		{AF7F0C69-B55B-4A5F-8720-F77A26FC62AE}.Debug|Any CPU.ActiveCfg = Debug|Any CPU
		{AF7F0C69-B55B-4A5F-8720-F77A26FC62AE}.Debug|Any CPU.Build.0 = Debug|Any CPU
		{AF7F0C69-B55B-4A5F-8720-F77A26FC62AE}.Release|Any CPU.ActiveCfg = Release|Any CPU
		{AF7F0C69-B55B-4A5F-8720-F77A26FC62AE}.Release|Any CPU.Build.0 = Release|Any CPU
		{9846847F-A0C8-436F-9CBF-463DF702E520}.Debug|Any CPU.ActiveCfg = Debug|Any CPU
		{9846847F-A0C8-436F-9CBF-463DF702E520}.Debug|Any CPU.Build.0 = Debug|Any CPU
		{9846847F-A0C8-436F-9CBF-463DF702E520}.Release|Any CPU.ActiveCfg = Release|Any CPU
		{9846847F-A0C8-436F-9CBF-463DF702E520}.Release|Any CPU.Build.0 = Release|Any CPU
		{681C907A-B9F0-4030-B9FA-1F5BD55B656F}.Debug|Any CPU.ActiveCfg = Debug|Any CPU
		{681C907A-B9F0-4030-B9FA-1F5BD55B656F}.Debug|Any CPU.Build.0 = Debug|Any CPU
		{681C907A-B9F0-4030-B9FA-1F5BD55B656F}.Release|Any CPU.ActiveCfg = Release|Any CPU
		{681C907A-B9F0-4030-B9FA-1F5BD55B656F}.Release|Any CPU.Build.0 = Release|Any CPU
		{5FD77315-E8B3-4EEF-BC62-F2360685D619}.Debug|Any CPU.ActiveCfg = Debug|Any CPU
		{5FD77315-E8B3-4EEF-BC62-F2360685D619}.Debug|Any CPU.Build.0 = Debug|Any CPU
		{5FD77315-E8B3-4EEF-BC62-F2360685D619}.Release|Any CPU.ActiveCfg = Release|Any CPU
		{5FD77315-E8B3-4EEF-BC62-F2360685D619}.Release|Any CPU.Build.0 = Release|Any CPU
		{997AFEA9-9E75-4FE8-A427-FC7AFF7CC26B}.Debug|Any CPU.ActiveCfg = Debug|Any CPU
		{997AFEA9-9E75-4FE8-A427-FC7AFF7CC26B}.Debug|Any CPU.Build.0 = Debug|Any CPU
		{997AFEA9-9E75-4FE8-A427-FC7AFF7CC26B}.Release|Any CPU.ActiveCfg = Release|Any CPU
		{997AFEA9-9E75-4FE8-A427-FC7AFF7CC26B}.Release|Any CPU.Build.0 = Release|Any CPU
		{265DE0A1-9842-417E-9298-0C7E6377A478}.Debug|Any CPU.ActiveCfg = Debug|Any CPU
		{265DE0A1-9842-417E-9298-0C7E6377A478}.Debug|Any CPU.Build.0 = Debug|Any CPU
		{265DE0A1-9842-417E-9298-0C7E6377A478}.Release|Any CPU.ActiveCfg = Release|Any CPU
		{265DE0A1-9842-417E-9298-0C7E6377A478}.Release|Any CPU.Build.0 = Release|Any CPU
		{FBB964D9-11AC-4FC8-9457-E931941C0DA7}.Debug|Any CPU.ActiveCfg = Debug|Any CPU
		{FBB964D9-11AC-4FC8-9457-E931941C0DA7}.Debug|Any CPU.Build.0 = Debug|Any CPU
		{FBB964D9-11AC-4FC8-9457-E931941C0DA7}.Release|Any CPU.ActiveCfg = Release|Any CPU
		{FBB964D9-11AC-4FC8-9457-E931941C0DA7}.Release|Any CPU.Build.0 = Release|Any CPU
		{E2653528-143F-4166-AE7B-8A57A4AF9F93}.Debug|Any CPU.ActiveCfg = Debug|Any CPU
		{E2653528-143F-4166-AE7B-8A57A4AF9F93}.Debug|Any CPU.Build.0 = Debug|Any CPU
		{E2653528-143F-4166-AE7B-8A57A4AF9F93}.Release|Any CPU.ActiveCfg = Release|Any CPU
		{E2653528-143F-4166-AE7B-8A57A4AF9F93}.Release|Any CPU.Build.0 = Release|Any CPU
		{E4A45B85-E954-4B19-BDA5-D8F935344D3A}.Debug|Any CPU.ActiveCfg = Debug|Any CPU
		{E4A45B85-E954-4B19-BDA5-D8F935344D3A}.Debug|Any CPU.Build.0 = Debug|Any CPU
		{E4A45B85-E954-4B19-BDA5-D8F935344D3A}.Release|Any CPU.ActiveCfg = Release|Any CPU
		{E4A45B85-E954-4B19-BDA5-D8F935344D3A}.Release|Any CPU.Build.0 = Release|Any CPU
		{04DB2350-58BA-406D-9427-5B3AFEDD4ED5}.Debug|Any CPU.ActiveCfg = Debug|Any CPU
		{04DB2350-58BA-406D-9427-5B3AFEDD4ED5}.Debug|Any CPU.Build.0 = Debug|Any CPU
		{04DB2350-58BA-406D-9427-5B3AFEDD4ED5}.Release|Any CPU.ActiveCfg = Release|Any CPU
		{04DB2350-58BA-406D-9427-5B3AFEDD4ED5}.Release|Any CPU.Build.0 = Release|Any CPU
		{0AB3A939-FF30-4A2B-B037-AEF9AAA7167E}.Debug|Any CPU.ActiveCfg = Debug|Any CPU
		{0AB3A939-FF30-4A2B-B037-AEF9AAA7167E}.Debug|Any CPU.Build.0 = Debug|Any CPU
		{0AB3A939-FF30-4A2B-B037-AEF9AAA7167E}.Release|Any CPU.ActiveCfg = Release|Any CPU
		{0AB3A939-FF30-4A2B-B037-AEF9AAA7167E}.Release|Any CPU.Build.0 = Release|Any CPU
		{AD9EAE64-B627-4A0A-982C-BFD7FAD550C2}.Debug|Any CPU.ActiveCfg = Debug|Any CPU
		{AD9EAE64-B627-4A0A-982C-BFD7FAD550C2}.Debug|Any CPU.Build.0 = Debug|Any CPU
		{AD9EAE64-B627-4A0A-982C-BFD7FAD550C2}.Release|Any CPU.ActiveCfg = Release|Any CPU
		{AD9EAE64-B627-4A0A-982C-BFD7FAD550C2}.Release|Any CPU.Build.0 = Release|Any CPU
		{03514BAD-9980-4401-ACC9-FDB6BFB8B8D0}.Debug|Any CPU.ActiveCfg = Debug|Any CPU
		{03514BAD-9980-4401-ACC9-FDB6BFB8B8D0}.Debug|Any CPU.Build.0 = Debug|Any CPU
		{03514BAD-9980-4401-ACC9-FDB6BFB8B8D0}.Release|Any CPU.ActiveCfg = Release|Any CPU
		{03514BAD-9980-4401-ACC9-FDB6BFB8B8D0}.Release|Any CPU.Build.0 = Release|Any CPU
		{085273B1-03FD-48F9-8613-28AB382D156E}.Debug|Any CPU.ActiveCfg = Debug|Any CPU
		{085273B1-03FD-48F9-8613-28AB382D156E}.Debug|Any CPU.Build.0 = Debug|Any CPU
		{085273B1-03FD-48F9-8613-28AB382D156E}.Release|Any CPU.ActiveCfg = Release|Any CPU
		{085273B1-03FD-48F9-8613-28AB382D156E}.Release|Any CPU.Build.0 = Release|Any CPU
		{476F1E40-4387-422B-9696-25505B135FCB}.Debug|Any CPU.ActiveCfg = Debug|Any CPU
		{476F1E40-4387-422B-9696-25505B135FCB}.Debug|Any CPU.Build.0 = Debug|Any CPU
		{476F1E40-4387-422B-9696-25505B135FCB}.Release|Any CPU.ActiveCfg = Release|Any CPU
		{476F1E40-4387-422B-9696-25505B135FCB}.Release|Any CPU.Build.0 = Release|Any CPU
		{7CEEAEA8-0169-496C-ADA7-0C72476F7009}.Debug|Any CPU.ActiveCfg = Debug|Any CPU
		{7CEEAEA8-0169-496C-ADA7-0C72476F7009}.Debug|Any CPU.Build.0 = Debug|Any CPU
		{7CEEAEA8-0169-496C-ADA7-0C72476F7009}.Release|Any CPU.ActiveCfg = Release|Any CPU
		{7CEEAEA8-0169-496C-ADA7-0C72476F7009}.Release|Any CPU.Build.0 = Release|Any CPU
		{42FB3DF8-287D-4A65-B1DF-DB1E570BBF67}.Debug|Any CPU.ActiveCfg = Debug|Any CPU
		{42FB3DF8-287D-4A65-B1DF-DB1E570BBF67}.Debug|Any CPU.Build.0 = Debug|Any CPU
		{42FB3DF8-287D-4A65-B1DF-DB1E570BBF67}.Release|Any CPU.ActiveCfg = Release|Any CPU
		{42FB3DF8-287D-4A65-B1DF-DB1E570BBF67}.Release|Any CPU.Build.0 = Release|Any CPU
		{4EDDE9A3-1D9C-46EF-B21F-68D0A528C412}.Debug|Any CPU.ActiveCfg = Debug|Any CPU
		{4EDDE9A3-1D9C-46EF-B21F-68D0A528C412}.Debug|Any CPU.Build.0 = Debug|Any CPU
		{4EDDE9A3-1D9C-46EF-B21F-68D0A528C412}.Release|Any CPU.ActiveCfg = Release|Any CPU
		{4EDDE9A3-1D9C-46EF-B21F-68D0A528C412}.Release|Any CPU.Build.0 = Release|Any CPU
	EndGlobalSection
	GlobalSection(SolutionProperties) = preSolution
		HideSolutionNode = FALSE
	EndGlobalSection
	GlobalSection(NestedProjects) = preSolution
		{76955284-7C6D-4D49-852D-0D8CA176618E} = {318903AD-AF92-44C9-A84B-A29896DD1D53}
		{AF7F0C69-B55B-4A5F-8720-F77A26FC62AE} = {318903AD-AF92-44C9-A84B-A29896DD1D53}
		{9846847F-A0C8-436F-9CBF-463DF702E520} = {318903AD-AF92-44C9-A84B-A29896DD1D53}
		{681C907A-B9F0-4030-B9FA-1F5BD55B656F} = {318903AD-AF92-44C9-A84B-A29896DD1D53}
		{5FD77315-E8B3-4EEF-BC62-F2360685D619} = {318903AD-AF92-44C9-A84B-A29896DD1D53}
		{997AFEA9-9E75-4FE8-A427-FC7AFF7CC26B} = {BA528DA7-5550-4B61-A463-05F5696E8604}
		{265DE0A1-9842-417E-9298-0C7E6377A478} = {BA528DA7-5550-4B61-A463-05F5696E8604}
		{FBB964D9-11AC-4FC8-9457-E931941C0DA7} = {BA528DA7-5550-4B61-A463-05F5696E8604}
		{E2653528-143F-4166-AE7B-8A57A4AF9F93} = {BA528DA7-5550-4B61-A463-05F5696E8604}
		{E4A45B85-E954-4B19-BDA5-D8F935344D3A} = {BA528DA7-5550-4B61-A463-05F5696E8604}
		{04DB2350-58BA-406D-9427-5B3AFEDD4ED5} = {2ECFE292-8959-418D-BA57-8C1FEE1438A2}
		{0AB3A939-FF30-4A2B-B037-AEF9AAA7167E} = {2ECFE292-8959-418D-BA57-8C1FEE1438A2}
		{AD9EAE64-B627-4A0A-982C-BFD7FAD550C2} = {2ECFE292-8959-418D-BA57-8C1FEE1438A2}
		{03514BAD-9980-4401-ACC9-FDB6BFB8B8D0} = {2ECFE292-8959-418D-BA57-8C1FEE1438A2}
		{085273B1-03FD-48F9-8613-28AB382D156E} = {6E971204-60E1-4503-B783-92EA53986794}
		{476F1E40-4387-422B-9696-25505B135FCB} = {6E971204-60E1-4503-B783-92EA53986794}
		{7CEEAEA8-0169-496C-ADA7-0C72476F7009} = {6E971204-60E1-4503-B783-92EA53986794}
		{42FB3DF8-287D-4A65-B1DF-DB1E570BBF67} = {6E971204-60E1-4503-B783-92EA53986794}
		{4EDDE9A3-1D9C-46EF-B21F-68D0A528C412} = {D3D18FF9-72CE-48EF-B11C-DDD2A0B5E4DD}
	EndGlobalSection
	GlobalSection(ExtensibilityGlobals) = postSolution
		SolutionGuid = {15813CBF-EEEE-421B-AF52-54D5C6DE802A}
	EndGlobalSection
EndGlobal
